
Microsoft Visual Studio Solution File, Format Version 12.00
# Visual Studio Version 17
VisualStudioVersion = 17.14.36414.22 d17.14
MinimumVisualStudioVersion = 10.0.40219.1
Project("{FAE04EC0-301F-11D3-BF4B-00C04F79EFBC}") = "GettingRealProject", "GettingRealProject\GettingRealProject.csproj", "{D871D2A1-BC8A-4E68-B4B5-9CE5271D63CB}"
EndProject
Global
	GlobalSection(SolutionConfigurationPlatforms) = preSolution
		Debug|Any CPU = Debug|Any CPU
		Release|Any CPU = Release|Any CPU
	EndGlobalSection
	GlobalSection(ProjectConfigurationPlatforms) = postSolution
		{D871D2A1-BC8A-4E68-B4B5-9CE5271D63CB}.Debug|Any CPU.ActiveCfg = Debug|Any CPU
		{D871D2A1-BC8A-4E68-B4B5-9CE5271D63CB}.Debug|Any CPU.Build.0 = Debug|Any CPU
		{D871D2A1-BC8A-4E68-B4B5-9CE5271D63CB}.Release|Any CPU.ActiveCfg = Release|Any CPU
		{D871D2A1-BC8A-4E68-B4B5-9CE5271D63CB}.Release|Any CPU.Build.0 = Release|Any CPU
	EndGlobalSection
	GlobalSection(SolutionProperties) = preSolution
		HideSolutionNode = FALSE
	EndGlobalSection
	GlobalSection(ExtensibilityGlobals) = postSolution
		SolutionGuid = {8AB8DB26-B230-4910-9A0A-ECEE17C48DBE}
	EndGlobalSection
EndGlobal
